
Microsoft Visual Studio Solution File, Format Version 12.00
# Visual Studio Version 17
VisualStudioVersion = 17.4.33205.214
MinimumVisualStudioVersion = 10.0.40219.1
Project("{2150E333-8FDC-42A3-9474-1A3956D46DE8}") = "Solution Items", "Solution Items", "{27AA61EB-D81E-40BA-AF82-632DCC5B9FC4}"
	ProjectSection(SolutionItems) = preProject
		src\docker-compose.override.yml = src\docker-compose.override.yml
		src\docker-compose.yml = src\docker-compose.yml
		global.json = global.json
		C:\Users\CongTC\Desktop\microservices project.png = C:\Users\CongTC\Desktop\microservices project.png
		README.md = README.md
	EndProjectSection
EndProject
Project("{2150E333-8FDC-42A3-9474-1A3956D46DE8}") = "src", "src", "{4463EF2D-BA83-4FA7-B8CD-4082509D2A0C}"
EndProject
Project("{2150E333-8FDC-42A3-9474-1A3956D46DE8}") = "tests", "tests", "{5D344262-C878-4429-B6B6-75BDC07F2A2F}"
EndProject
Project("{2150E333-8FDC-42A3-9474-1A3956D46DE8}") = "ApiGateways", "ApiGateways", "{6C7188F5-27F8-4A21-B44F-101471C57F05}"
EndProject
Project("{2150E333-8FDC-42A3-9474-1A3956D46DE8}") = "BuildingBlocks", "BuildingBlocks", "{4CD65028-ADD9-41A5-9AF9-49314948359E}"
EndProject
Project("{2150E333-8FDC-42A3-9474-1A3956D46DE8}") = "Services", "Services", "{650C17A4-6A1C-4984-BB17-1BB28A4A9E28}"
EndProject
Project("{2150E333-8FDC-42A3-9474-1A3956D46DE8}") = "WebApps", "WebApps", "{6EB4D56B-BDB1-426B-A361-6A010675A0E4}"
EndProject
Project("{9A19103F-16F7-4668-BE54-9A1E7A4F7556}") = "Common.Logging", "src\BuildingBlocks\Common.Logging\Common.Logging.csproj", "{5452ED5D-E0C9-449B-880F-684920E09613}"
EndProject
Project("{2150E333-8FDC-42A3-9474-1A3956D46DE8}") = "Product", "Product", "{0B3E7E44-71D8-4AAE-97E9-D7D1C732CD52}"
EndProject
Project("{2150E333-8FDC-42A3-9474-1A3956D46DE8}") = "Customer", "Customer", "{844AEC10-8A4D-48E2-8086-6F63901B5903}"
EndProject
Project("{2150E333-8FDC-42A3-9474-1A3956D46DE8}") = "Basket", "Basket", "{4F28581F-4321-4AA7-B32F-BF197F35DFA8}"
EndProject
Project("{2150E333-8FDC-42A3-9474-1A3956D46DE8}") = "Inventory", "Inventory", "{D1D0E377-32A0-4535-9FDE-622BB015C235}"
EndProject
Project("{2150E333-8FDC-42A3-9474-1A3956D46DE8}") = "ScheduledJob", "ScheduledJob", "{EC71D91C-F22A-4C1E-B2E5-2D6472A495F9}"
EndProject
Project("{9A19103F-16F7-4668-BE54-9A1E7A4F7556}") = "WebHealthStatus", "src\WebApps\WebHealthStatus\WebHealthStatus.csproj", "{FA612AC5-3C2A-4E53-A6A5-E8C910625D3D}"
EndProject
Project("{9A19103F-16F7-4668-BE54-9A1E7A4F7556}") = "Basket.API", "src\Services\Basket.API\Basket.API.csproj", "{73CFA0D1-1B11-40AC-8D7F-618C342473C1}"
EndProject
Project("{9A19103F-16F7-4668-BE54-9A1E7A4F7556}") = "Customer.API", "src\Services\Customer.API\Customer.API.csproj", "{40750281-A1E0-419B-9EC4-687B01A92D48}"
EndProject
Project("{9A19103F-16F7-4668-BE54-9A1E7A4F7556}") = "Inventory.Product.API", "src\Services\Inventory.Product.API\Inventory.Product.API.csproj", "{C260087E-59D5-48B1-841D-E0C2D48689EB}"
EndProject
Project("{9A19103F-16F7-4668-BE54-9A1E7A4F7556}") = "Product.API", "src\Services\Product.API\Product.API.csproj", "{92A17DE6-ED27-4585-A3D0-4AC5C6AED670}"
EndProject
Project("{9A19103F-16F7-4668-BE54-9A1E7A4F7556}") = "Hangfire.API", "src\Services\Hangfire.API\Hangfire.API.csproj", "{C0A27EC9-6AA9-4521-B510-69B6E5E6E167}"
EndProject
Project("{9A19103F-16F7-4668-BE54-9A1E7A4F7556}") = "Contracts", "src\BuildingBlocks\Contracts\Contracts.csproj", "{54FBEB56-30BB-4243-948B-B00E26A1A049}"
EndProject
Project("{9A19103F-16F7-4668-BE54-9A1E7A4F7556}") = "Infrastructure", "src\BuildingBlocks\Infrastructure\Infrastructure.csproj", "{2D0C241C-5B88-4B34-A33A-871A5C3964F2}"
EndProject
Project("{9A19103F-16F7-4668-BE54-9A1E7A4F7556}") = "Shared", "src\BuildingBlocks\Shared\Shared.csproj", "{C42D7908-9E63-4981-81E3-0E0A1ED778E3}"
EndProject
Project("{9A19103F-16F7-4668-BE54-9A1E7A4F7556}") = "OcelotApiGw", "src\ApiGateways\OcelotApiGw\OcelotApiGw.csproj", "{2CB49A43-5EB6-406E-853A-8B9162F8863D}"
EndProject
Project("{2150E333-8FDC-42A3-9474-1A3956D46DE8}") = "Ordering", "Ordering", "{3F2A44F4-A6BF-4F4C-9CBC-5AD3B202C853}"
EndProject
Project("{9A19103F-16F7-4668-BE54-9A1E7A4F7556}") = "Ordering.API", "src\Services\Ordering\Ordering.API\Ordering.API.csproj", "{352D7E01-C7FE-4BA6-B266-75D9E6B9C91D}"
EndProject
Project("{9A19103F-16F7-4668-BE54-9A1E7A4F7556}") = "Ordering.Application", "src\Services\Ordering\Ordering.Application\Ordering.Application.csproj", "{E19547A0-E52F-4CF6-9EE1-D0E50AE8C6FC}"
EndProject
Project("{9A19103F-16F7-4668-BE54-9A1E7A4F7556}") = "Ordering.Infrastructure", "src\Services\Ordering\Ordering.Infrastructure\Ordering.Infrastructure.csproj", "{2872B86B-D533-46EF-B226-C00BDB1B6455}"
EndProject
Project("{9A19103F-16F7-4668-BE54-9A1E7A4F7556}") = "Ordering.Domain", "src\Services\Ordering\Ordering.Domain\Ordering.Domain\Ordering.Domain.csproj", "{83932FC6-14E0-4BEF-8E9F-DBD5EBAF37AF}"
EndProject
Project("{9A19103F-16F7-4668-BE54-9A1E7A4F7556}") = "Ordering.Subscriber", "src\Services\Ordering\Ordering.Subscriber\Ordering.Subscriber.csproj", "{71A9FFCE-1E7B-422D-9940-CAB3896BFFA2}"
EndProject
Project("{2150E333-8FDC-42A3-9474-1A3956D46DE8}") = "EventBus", "EventBus", "{443F3B96-6D56-4179-AAC3-DA16568197C1}"
EndProject
Project("{9A19103F-16F7-4668-BE54-9A1E7A4F7556}") = "EventBus.Messages", "src\BuildingBlocks\EventBus\EventBus.Messages\EventBus.Messages.csproj", "{B2812363-B308-4F47-BAA7-B203AB002EA7}"
EndProject
Global
	GlobalSection(SolutionConfigurationPlatforms) = preSolution
		Debug|Any CPU = Debug|Any CPU
		Release|Any CPU = Release|Any CPU
	EndGlobalSection
	GlobalSection(ProjectConfigurationPlatforms) = postSolution
		{5452ED5D-E0C9-449B-880F-684920E09613}.Debug|Any CPU.ActiveCfg = Debug|Any CPU
		{5452ED5D-E0C9-449B-880F-684920E09613}.Debug|Any CPU.Build.0 = Debug|Any CPU
		{5452ED5D-E0C9-449B-880F-684920E09613}.Release|Any CPU.ActiveCfg = Release|Any CPU
		{5452ED5D-E0C9-449B-880F-684920E09613}.Release|Any CPU.Build.0 = Release|Any CPU
		{FA612AC5-3C2A-4E53-A6A5-E8C910625D3D}.Debug|Any CPU.ActiveCfg = Debug|Any CPU
		{FA612AC5-3C2A-4E53-A6A5-E8C910625D3D}.Debug|Any CPU.Build.0 = Debug|Any CPU
		{FA612AC5-3C2A-4E53-A6A5-E8C910625D3D}.Release|Any CPU.ActiveCfg = Release|Any CPU
		{FA612AC5-3C2A-4E53-A6A5-E8C910625D3D}.Release|Any CPU.Build.0 = Release|Any CPU
		{73CFA0D1-1B11-40AC-8D7F-618C342473C1}.Debug|Any CPU.ActiveCfg = Debug|Any CPU
		{73CFA0D1-1B11-40AC-8D7F-618C342473C1}.Debug|Any CPU.Build.0 = Debug|Any CPU
		{73CFA0D1-1B11-40AC-8D7F-618C342473C1}.Release|Any CPU.ActiveCfg = Release|Any CPU
		{73CFA0D1-1B11-40AC-8D7F-618C342473C1}.Release|Any CPU.Build.0 = Release|Any CPU
		{40750281-A1E0-419B-9EC4-687B01A92D48}.Debug|Any CPU.ActiveCfg = Debug|Any CPU
		{40750281-A1E0-419B-9EC4-687B01A92D48}.Debug|Any CPU.Build.0 = Debug|Any CPU
		{40750281-A1E0-419B-9EC4-687B01A92D48}.Release|Any CPU.ActiveCfg = Release|Any CPU
		{40750281-A1E0-419B-9EC4-687B01A92D48}.Release|Any CPU.Build.0 = Release|Any CPU
		{C260087E-59D5-48B1-841D-E0C2D48689EB}.Debug|Any CPU.ActiveCfg = Debug|Any CPU
		{C260087E-59D5-48B1-841D-E0C2D48689EB}.Debug|Any CPU.Build.0 = Debug|Any CPU
		{C260087E-59D5-48B1-841D-E0C2D48689EB}.Release|Any CPU.ActiveCfg = Release|Any CPU
		{C260087E-59D5-48B1-841D-E0C2D48689EB}.Release|Any CPU.Build.0 = Release|Any CPU
		{92A17DE6-ED27-4585-A3D0-4AC5C6AED670}.Debug|Any CPU.ActiveCfg = Debug|Any CPU
		{92A17DE6-ED27-4585-A3D0-4AC5C6AED670}.Debug|Any CPU.Build.0 = Debug|Any CPU
		{92A17DE6-ED27-4585-A3D0-4AC5C6AED670}.Release|Any CPU.ActiveCfg = Release|Any CPU
		{92A17DE6-ED27-4585-A3D0-4AC5C6AED670}.Release|Any CPU.Build.0 = Release|Any CPU
		{C0A27EC9-6AA9-4521-B510-69B6E5E6E167}.Debug|Any CPU.ActiveCfg = Debug|Any CPU
		{C0A27EC9-6AA9-4521-B510-69B6E5E6E167}.Debug|Any CPU.Build.0 = Debug|Any CPU
		{C0A27EC9-6AA9-4521-B510-69B6E5E6E167}.Release|Any CPU.ActiveCfg = Release|Any CPU
		{C0A27EC9-6AA9-4521-B510-69B6E5E6E167}.Release|Any CPU.Build.0 = Release|Any CPU
		{54FBEB56-30BB-4243-948B-B00E26A1A049}.Debug|Any CPU.ActiveCfg = Debug|Any CPU
		{54FBEB56-30BB-4243-948B-B00E26A1A049}.Debug|Any CPU.Build.0 = Debug|Any CPU
		{54FBEB56-30BB-4243-948B-B00E26A1A049}.Release|Any CPU.ActiveCfg = Release|Any CPU
		{54FBEB56-30BB-4243-948B-B00E26A1A049}.Release|Any CPU.Build.0 = Release|Any CPU
		{2D0C241C-5B88-4B34-A33A-871A5C3964F2}.Debug|Any CPU.ActiveCfg = Debug|Any CPU
		{2D0C241C-5B88-4B34-A33A-871A5C3964F2}.Debug|Any CPU.Build.0 = Debug|Any CPU
		{2D0C241C-5B88-4B34-A33A-871A5C3964F2}.Release|Any CPU.ActiveCfg = Release|Any CPU
		{2D0C241C-5B88-4B34-A33A-871A5C3964F2}.Release|Any CPU.Build.0 = Release|Any CPU
		{C42D7908-9E63-4981-81E3-0E0A1ED778E3}.Debug|Any CPU.ActiveCfg = Debug|Any CPU
		{C42D7908-9E63-4981-81E3-0E0A1ED778E3}.Debug|Any CPU.Build.0 = Debug|Any CPU
		{C42D7908-9E63-4981-81E3-0E0A1ED778E3}.Release|Any CPU.ActiveCfg = Release|Any CPU
		{C42D7908-9E63-4981-81E3-0E0A1ED778E3}.Release|Any CPU.Build.0 = Release|Any CPU
		{2CB49A43-5EB6-406E-853A-8B9162F8863D}.Debug|Any CPU.ActiveCfg = Debug|Any CPU
		{2CB49A43-5EB6-406E-853A-8B9162F8863D}.Debug|Any CPU.Build.0 = Debug|Any CPU
		{2CB49A43-5EB6-406E-853A-8B9162F8863D}.Release|Any CPU.ActiveCfg = Release|Any CPU
		{2CB49A43-5EB6-406E-853A-8B9162F8863D}.Release|Any CPU.Build.0 = Release|Any CPU
		{352D7E01-C7FE-4BA6-B266-75D9E6B9C91D}.Debug|Any CPU.ActiveCfg = Debug|Any CPU
		{352D7E01-C7FE-4BA6-B266-75D9E6B9C91D}.Debug|Any CPU.Build.0 = Debug|Any CPU
		{352D7E01-C7FE-4BA6-B266-75D9E6B9C91D}.Release|Any CPU.ActiveCfg = Release|Any CPU
		{352D7E01-C7FE-4BA6-B266-75D9E6B9C91D}.Release|Any CPU.Build.0 = Release|Any CPU
		{E19547A0-E52F-4CF6-9EE1-D0E50AE8C6FC}.Debug|Any CPU.ActiveCfg = Debug|Any CPU
		{E19547A0-E52F-4CF6-9EE1-D0E50AE8C6FC}.Debug|Any CPU.Build.0 = Debug|Any CPU
		{E19547A0-E52F-4CF6-9EE1-D0E50AE8C6FC}.Release|Any CPU.ActiveCfg = Release|Any CPU
		{E19547A0-E52F-4CF6-9EE1-D0E50AE8C6FC}.Release|Any CPU.Build.0 = Release|Any CPU
		{2872B86B-D533-46EF-B226-C00BDB1B6455}.Debug|Any CPU.ActiveCfg = Debug|Any CPU
		{2872B86B-D533-46EF-B226-C00BDB1B6455}.Debug|Any CPU.Build.0 = Debug|Any CPU
		{2872B86B-D533-46EF-B226-C00BDB1B6455}.Release|Any CPU.ActiveCfg = Release|Any CPU
		{2872B86B-D533-46EF-B226-C00BDB1B6455}.Release|Any CPU.Build.0 = Release|Any CPU
		{83932FC6-14E0-4BEF-8E9F-DBD5EBAF37AF}.Debug|Any CPU.ActiveCfg = Debug|Any CPU
		{83932FC6-14E0-4BEF-8E9F-DBD5EBAF37AF}.Debug|Any CPU.Build.0 = Debug|Any CPU
		{83932FC6-14E0-4BEF-8E9F-DBD5EBAF37AF}.Release|Any CPU.ActiveCfg = Release|Any CPU
		{83932FC6-14E0-4BEF-8E9F-DBD5EBAF37AF}.Release|Any CPU.Build.0 = Release|Any CPU
		{71A9FFCE-1E7B-422D-9940-CAB3896BFFA2}.Debug|Any CPU.ActiveCfg = Debug|Any CPU
		{71A9FFCE-1E7B-422D-9940-CAB3896BFFA2}.Debug|Any CPU.Build.0 = Debug|Any CPU
		{71A9FFCE-1E7B-422D-9940-CAB3896BFFA2}.Release|Any CPU.ActiveCfg = Release|Any CPU
		{71A9FFCE-1E7B-422D-9940-CAB3896BFFA2}.Release|Any CPU.Build.0 = Release|Any CPU
		{B2812363-B308-4F47-BAA7-B203AB002EA7}.Debug|Any CPU.ActiveCfg = Debug|Any CPU
		{B2812363-B308-4F47-BAA7-B203AB002EA7}.Debug|Any CPU.Build.0 = Debug|Any CPU
		{B2812363-B308-4F47-BAA7-B203AB002EA7}.Release|Any CPU.ActiveCfg = Release|Any CPU
		{B2812363-B308-4F47-BAA7-B203AB002EA7}.Release|Any CPU.Build.0 = Release|Any CPU
	EndGlobalSection
	GlobalSection(SolutionProperties) = preSolution
		HideSolutionNode = FALSE
	EndGlobalSection
	GlobalSection(NestedProjects) = preSolution
		{6C7188F5-27F8-4A21-B44F-101471C57F05} = {4463EF2D-BA83-4FA7-B8CD-4082509D2A0C}
		{4CD65028-ADD9-41A5-9AF9-49314948359E} = {4463EF2D-BA83-4FA7-B8CD-4082509D2A0C}
		{650C17A4-6A1C-4984-BB17-1BB28A4A9E28} = {4463EF2D-BA83-4FA7-B8CD-4082509D2A0C}
		{6EB4D56B-BDB1-426B-A361-6A010675A0E4} = {4463EF2D-BA83-4FA7-B8CD-4082509D2A0C}
		{5452ED5D-E0C9-449B-880F-684920E09613} = {4CD65028-ADD9-41A5-9AF9-49314948359E}
		{0B3E7E44-71D8-4AAE-97E9-D7D1C732CD52} = {650C17A4-6A1C-4984-BB17-1BB28A4A9E28}
		{844AEC10-8A4D-48E2-8086-6F63901B5903} = {650C17A4-6A1C-4984-BB17-1BB28A4A9E28}
		{4F28581F-4321-4AA7-B32F-BF197F35DFA8} = {650C17A4-6A1C-4984-BB17-1BB28A4A9E28}
		{D1D0E377-32A0-4535-9FDE-622BB015C235} = {650C17A4-6A1C-4984-BB17-1BB28A4A9E28}
		{EC71D91C-F22A-4C1E-B2E5-2D6472A495F9} = {650C17A4-6A1C-4984-BB17-1BB28A4A9E28}
		{FA612AC5-3C2A-4E53-A6A5-E8C910625D3D} = {6EB4D56B-BDB1-426B-A361-6A010675A0E4}
		{73CFA0D1-1B11-40AC-8D7F-618C342473C1} = {4F28581F-4321-4AA7-B32F-BF197F35DFA8}
		{40750281-A1E0-419B-9EC4-687B01A92D48} = {844AEC10-8A4D-48E2-8086-6F63901B5903}
		{C260087E-59D5-48B1-841D-E0C2D48689EB} = {D1D0E377-32A0-4535-9FDE-622BB015C235}
		{92A17DE6-ED27-4585-A3D0-4AC5C6AED670} = {0B3E7E44-71D8-4AAE-97E9-D7D1C732CD52}
		{C0A27EC9-6AA9-4521-B510-69B6E5E6E167} = {EC71D91C-F22A-4C1E-B2E5-2D6472A495F9}
		{54FBEB56-30BB-4243-948B-B00E26A1A049} = {4CD65028-ADD9-41A5-9AF9-49314948359E}
		{2D0C241C-5B88-4B34-A33A-871A5C3964F2} = {4CD65028-ADD9-41A5-9AF9-49314948359E}
		{C42D7908-9E63-4981-81E3-0E0A1ED778E3} = {4CD65028-ADD9-41A5-9AF9-49314948359E}
		{2CB49A43-5EB6-406E-853A-8B9162F8863D} = {6C7188F5-27F8-4A21-B44F-101471C57F05}
		{3F2A44F4-A6BF-4F4C-9CBC-5AD3B202C853} = {650C17A4-6A1C-4984-BB17-1BB28A4A9E28}
		{352D7E01-C7FE-4BA6-B266-75D9E6B9C91D} = {3F2A44F4-A6BF-4F4C-9CBC-5AD3B202C853}
		{E19547A0-E52F-4CF6-9EE1-D0E50AE8C6FC} = {3F2A44F4-A6BF-4F4C-9CBC-5AD3B202C853}
		{2872B86B-D533-46EF-B226-C00BDB1B6455} = {3F2A44F4-A6BF-4F4C-9CBC-5AD3B202C853}
		{83932FC6-14E0-4BEF-8E9F-DBD5EBAF37AF} = {3F2A44F4-A6BF-4F4C-9CBC-5AD3B202C853}
		{71A9FFCE-1E7B-422D-9940-CAB3896BFFA2} = {3F2A44F4-A6BF-4F4C-9CBC-5AD3B202C853}
		{443F3B96-6D56-4179-AAC3-DA16568197C1} = {4CD65028-ADD9-41A5-9AF9-49314948359E}
		{B2812363-B308-4F47-BAA7-B203AB002EA7} = {443F3B96-6D56-4179-AAC3-DA16568197C1}
	EndGlobalSection
	GlobalSection(ExtensibilityGlobals) = postSolution
		SolutionGuid = {1F10FCD3-6B76-4458-8718-44A44946BCDB}
	EndGlobalSection
EndGlobal
